
Microsoft Visual Studio Solution File, Format Version 12.00
# Visual Studio Version 17
VisualStudioVersion = 17.4.33110.190
MinimumVisualStudioVersion = 10.0.40219.1
Project("{FAE04EC0-301F-11D3-BF4B-00C04F79EFBC}") = "JakiToKat", "JakiToKat\JakiToKat.csproj", "{B837BD17-14A4-478C-B9B6-DD3D19CC3D7D}"
EndProject
Global
	GlobalSection(SolutionConfigurationPlatforms) = preSolution
		Debug|Any CPU = Debug|Any CPU
		Release|Any CPU = Release|Any CPU
	EndGlobalSection
	GlobalSection(ProjectConfigurationPlatforms) = postSolution
		{B837BD17-14A4-478C-B9B6-DD3D19CC3D7D}.Debug|Any CPU.ActiveCfg = Debug|Any CPU
		{B837BD17-14A4-478C-B9B6-DD3D19CC3D7D}.Debug|Any CPU.Build.0 = Debug|Any CPU
		{B837BD17-14A4-478C-B9B6-DD3D19CC3D7D}.Release|Any CPU.ActiveCfg = Release|Any CPU
		{B837BD17-14A4-478C-B9B6-DD3D19CC3D7D}.Release|Any CPU.Build.0 = Release|Any CPU
	EndGlobalSection
	GlobalSection(SolutionProperties) = preSolution
		HideSolutionNode = FALSE
	EndGlobalSection
	GlobalSection(ExtensibilityGlobals) = postSolution
		SolutionGuid = {4CDCCB2F-CBDE-4532-9DC8-C65F8F0E8587}
	EndGlobalSection
EndGlobal
